// !$*UTF8*$!
{
	archiveVersion = 1;
	classes = {
	};
	objectVersion = 55;
	objects = {

/* Begin PBXBuildFile section */
		0AF2B55228859C9D00C6A55E /* AppDelegate.swift in Sources */ = {isa = PBXBuildFile; fileRef = 0AF2B55128859C9D00C6A55E /* AppDelegate.swift */; };
		0AF2B55428859C9D00C6A55E /* SceneDelegate.swift in Sources */ = {isa = PBXBuildFile; fileRef = 0AF2B55328859C9D00C6A55E /* SceneDelegate.swift */; };
		0AF2B55628859C9D00C6A55E /* ViewController.swift in Sources */ = {isa = PBXBuildFile; fileRef = 0AF2B55528859C9D00C6A55E /* ViewController.swift */; };
		0AF2B55928859C9D00C6A55E /* Main.storyboard in Resources */ = {isa = PBXBuildFile; fileRef = 0AF2B55728859C9D00C6A55E /* Main.storyboard */; };
		0AF2B55B28859C9E00C6A55E /* Assets.xcassets in Resources */ = {isa = PBXBuildFile; fileRef = 0AF2B55A28859C9E00C6A55E /* Assets.xcassets */; };
		0AF2B55E28859C9E00C6A55E /* LaunchScreen.storyboard in Resources */ = {isa = PBXBuildFile; fileRef = 0AF2B55C28859C9E00C6A55E /* LaunchScreen.storyboard */; };
		0AF2B5662885A0BD00C6A55E /* websocketNetwork.swift in Sources */ = {isa = PBXBuildFile; fileRef = 0AF2B5652885A0BD00C6A55E /* websocketNetwork.swift */; };
		5DA22A08DF8566CEF0C746DA /* Pods_SwiftWebSocketTest.framework in Frameworks */ = {isa = PBXBuildFile; fileRef = 7B7D5F6BAAA4A86B4FB5671F /* Pods_SwiftWebSocketTest.framework */; };
/* End PBXBuildFile section */

/* Begin PBXFileReference section */
		0AF2B54E28859C9D00C6A55E /* SwiftWebSocketTest.app */ = {isa = PBXFileReference; explicitFileType = wrapper.application; includeInIndex = 0; path = SwiftWebSocketTest.app; sourceTree = BUILT_PRODUCTS_DIR; };
		0AF2B55128859C9D00C6A55E /* AppDelegate.swift */ = {isa = PBXFileReference; lastKnownFileType = sourcecode.swift; path = AppDelegate.swift; sourceTree = "<group>"; };
		0AF2B55328859C9D00C6A55E /* SceneDelegate.swift */ = {isa = PBXFileReference; lastKnownFileType = sourcecode.swift; path = SceneDelegate.swift; sourceTree = "<group>"; };
		0AF2B55528859C9D00C6A55E /* ViewController.swift */ = {isa = PBXFileReference; lastKnownFileType = sourcecode.swift; path = ViewController.swift; sourceTree = "<group>"; };
		0AF2B55828859C9D00C6A55E /* Base */ = {isa = PBXFileReference; lastKnownFileType = file.storyboard; name = Base; path = Base.lproj/Main.storyboard; sourceTree = "<group>"; };
		0AF2B55A28859C9E00C6A55E /* Assets.xcassets */ = {isa = PBXFileReference; lastKnownFileType = folder.assetcatalog; path = Assets.xcassets; sourceTree = "<group>"; };
		0AF2B55D28859C9E00C6A55E /* Base */ = {isa = PBXFileReference; lastKnownFileType = file.storyboard; name = Base; path = Base.lproj/LaunchScreen.storyboard; sourceTree = "<group>"; };
		0AF2B55F28859C9E00C6A55E /* Info.plist */ = {isa = PBXFileReference; lastKnownFileType = text.plist.xml; path = Info.plist; sourceTree = "<group>"; };
		0AF2B5652885A0BD00C6A55E /* websocketNetwork.swift */ = {isa = PBXFileReference; lastKnownFileType = sourcecode.swift; path = websocketNetwork.swift; sourceTree = "<group>"; };
		1D7CB647F1F28883EC0A8CDF /* Pods-SwiftWebSocketTest.debug.xcconfig */ = {isa = PBXFileReference; includeInIndex = 1; lastKnownFileType = text.xcconfig; name = "Pods-SwiftWebSocketTest.debug.xcconfig"; path = "Target Support Files/Pods-SwiftWebSocketTest/Pods-SwiftWebSocketTest.debug.xcconfig"; sourceTree = "<group>"; };
		7B7D5F6BAAA4A86B4FB5671F /* Pods_SwiftWebSocketTest.framework */ = {isa = PBXFileReference; explicitFileType = wrapper.framework; includeInIndex = 0; path = Pods_SwiftWebSocketTest.framework; sourceTree = BUILT_PRODUCTS_DIR; };
		CDDFFB8DA49AEA2DB331FED5 /* Pods-SwiftWebSocketTest.release.xcconfig */ = {isa = PBXFileReference; includeInIndex = 1; lastKnownFileType = text.xcconfig; name = "Pods-SwiftWebSocketTest.release.xcconfig"; path = "Target Support Files/Pods-SwiftWebSocketTest/Pods-SwiftWebSocketTest.release.xcconfig"; sourceTree = "<group>"; };
/* End PBXFileReference section */

/* Begin PBXFrameworksBuildPhase section */
		0AF2B54B28859C9D00C6A55E /* Frameworks */ = {
			isa = PBXFrameworksBuildPhase;
			buildActionMask = 2147483647;
			files = (
				5DA22A08DF8566CEF0C746DA /* Pods_SwiftWebSocketTest.framework in Frameworks */,
			);
			runOnlyForDeploymentPostprocessing = 0;
		};
/* End PBXFrameworksBuildPhase section */

/* Begin PBXGroup section */
		0AF2B54528859C9D00C6A55E = {
			isa = PBXGroup;
			children = (
				0AF2B55028859C9D00C6A55E /* SwiftWebSocketTest */,
				0AF2B54F28859C9D00C6A55E /* Products */,
				1BE77261F9CC1CD4DADA71A0 /* Pods */,
				4E5B39A847464457E162ECDA /* Frameworks */,
			);
			sourceTree = "<group>";
		};
		0AF2B54F28859C9D00C6A55E /* Products */ = {
			isa = PBXGroup;
			children = (
				0AF2B54E28859C9D00C6A55E /* SwiftWebSocketTest.app */,
			);
			name = Products;
			sourceTree = "<group>";
		};
		0AF2B55028859C9D00C6A55E /* SwiftWebSocketTest */ = {
			isa = PBXGroup;
			children = (
				0AF2B55128859C9D00C6A55E /* AppDelegate.swift */,
				0AF2B55328859C9D00C6A55E /* SceneDelegate.swift */,
				0AF2B55528859C9D00C6A55E /* ViewController.swift */,
				0AF2B5652885A0BD00C6A55E /* websocketNetwork.swift */,
				0AF2B55728859C9D00C6A55E /* Main.storyboard */,
				0AF2B55A28859C9E00C6A55E /* Assets.xcassets */,
				0AF2B55C28859C9E00C6A55E /* LaunchScreen.storyboard */,
				0AF2B55F28859C9E00C6A55E /* Info.plist */,
			);
			path = SwiftWebSocketTest;
			sourceTree = "<group>";
		};
		1BE77261F9CC1CD4DADA71A0 /* Pods */ = {
			isa = PBXGroup;
			children = (
				1D7CB647F1F28883EC0A8CDF /* Pods-SwiftWebSocketTest.debug.xcconfig */,
				CDDFFB8DA49AEA2DB331FED5 /* Pods-SwiftWebSocketTest.release.xcconfig */,
			);
			path = Pods;
			sourceTree = "<group>";
		};
		4E5B39A847464457E162ECDA /* Frameworks */ = {
			isa = PBXGroup;
			children = (
				7B7D5F6BAAA4A86B4FB5671F /* Pods_SwiftWebSocketTest.framework */,
			);
			name = Frameworks;
			sourceTree = "<group>";
		};
/* End PBXGroup section */

/* Begin PBXNativeTarget section */
		0AF2B54D28859C9D00C6A55E /* SwiftWebSocketTest */ = {
			isa = PBXNativeTarget;
			buildConfigurationList = 0AF2B56228859C9E00C6A55E /* Build configuration list for PBXNativeTarget "SwiftWebSocketTest" */;
			buildPhases = (
				C447294A4A57C4840936173A /* [CP] Check Pods Manifest.lock */,
				0AF2B54A28859C9D00C6A55E /* Sources */,
				0AF2B54B28859C9D00C6A55E /* Frameworks */,
				0AF2B54C28859C9D00C6A55E /* Resources */,
				8554C85C3824E7376FC353D8 /* [CP] Embed Pods Frameworks */,
			);
			buildRules = (
			);
			dependencies = (
			);
			name = SwiftWebSocketTest;
			productName = SwiftWebSocketTest;
			productReference = 0AF2B54E28859C9D00C6A55E /* SwiftWebSocketTest.app */;
			productType = "com.apple.product-type.application";
		};
/* End PBXNativeTarget section */

/* Begin PBXProject section */
		0AF2B54628859C9D00C6A55E /* Project object */ = {
			isa = PBXProject;
			attributes = {
				BuildIndependentTargetsInParallel = 1;
				LastSwiftUpdateCheck = 1340;
				LastUpgradeCheck = 1340;
				TargetAttributes = {
					0AF2B54D28859C9D00C6A55E = {
						CreatedOnToolsVersion = 13.4.1;
					};
				};
			};
			buildConfigurationList = 0AF2B54928859C9D00C6A55E /* Build configuration list for PBXProject "SwiftWebSocketTest" */;
			compatibilityVersion = "Xcode 13.0";
			developmentRegion = en;
			hasScannedForEncodings = 0;
			knownRegions = (
				en,
				Base,
			);
			mainGroup = 0AF2B54528859C9D00C6A55E;
			productRefGroup = 0AF2B54F28859C9D00C6A55E /* Products */;
			projectDirPath = "";
			projectRoot = "";
			targets = (
				0AF2B54D28859C9D00C6A55E /* SwiftWebSocketTest */,
			);
		};
/* End PBXProject section */

/* Begin PBXResourcesBuildPhase section */
		0AF2B54C28859C9D00C6A55E /* Resources */ = {
			isa = PBXResourcesBuildPhase;
			buildActionMask = 2147483647;
			files = (
				0AF2B55E28859C9E00C6A55E /* LaunchScreen.storyboard in Resources */,
				0AF2B55B28859C9E00C6A55E /* Assets.xcassets in Resources */,
				0AF2B55928859C9D00C6A55E /* Main.storyboard in Resources */,
			);
			runOnlyForDeploymentPostprocessing = 0;
		};
/* End PBXResourcesBuildPhase section */

/* Begin PBXShellScriptBuildPhase section */
		8554C85C3824E7376FC353D8 /* [CP] Embed Pods Frameworks */ = {
			isa = PBXShellScriptBuildPhase;
			buildActionMask = 2147483647;
			files = (
			);
			inputFileListPaths = (
				"${PODS_ROOT}/Target Support Files/Pods-SwiftWebSocketTest/Pods-SwiftWebSocketTest-frameworks-${CONFIGURATION}-input-files.xcfilelist",
			);
			name = "[CP] Embed Pods Frameworks";
			outputFileListPaths = (
				"${PODS_ROOT}/Target Support Files/Pods-SwiftWebSocketTest/Pods-SwiftWebSocketTest-frameworks-${CONFIGURATION}-output-files.xcfilelist",
			);
			runOnlyForDeploymentPostprocessing = 0;
			shellPath = /bin/sh;
			shellScript = "\"${PODS_ROOT}/Target Support Files/Pods-SwiftWebSocketTest/Pods-SwiftWebSocketTest-frameworks.sh\"\n";
			showEnvVarsInLog = 0;
		};
		C447294A4A57C4840936173A /* [CP] Check Pods Manifest.lock */ = {
			isa = PBXShellScriptBuildPhase;
			buildActionMask = 2147483647;
			files = (
			);
			inputFileListPaths = (
			);
			inputPaths = (
				"${PODS_PODFILE_DIR_PATH}/Podfile.lock",
				"${PODS_ROOT}/Manifest.lock",
			);
			name = "[CP] Check Pods Manifest.lock";
			outputFileListPaths = (
			);
			outputPaths = (
				"$(DERIVED_FILE_DIR)/Pods-SwiftWebSocketTest-checkManifestLockResult.txt",
			);
			runOnlyForDeploymentPostprocessing = 0;
			shellPath = /bin/sh;
			shellScript = "diff \"${PODS_PODFILE_DIR_PATH}/Podfile.lock\" \"${PODS_ROOT}/Manifest.lock\" > /dev/null\nif [ $? != 0 ] ; then\n    # print error to STDERR\n    echo \"error: The sandbox is not in sync with the Podfile.lock. Run 'pod install' or update your CocoaPods installation.\" >&2\n    exit 1\nfi\n# This output is used by Xcode 'outputs' to avoid re-running this script phase.\necho \"SUCCESS\" > \"${SCRIPT_OUTPUT_FILE_0}\"\n";
			showEnvVarsInLog = 0;
		};
/* End PBXShellScriptBuildPhase section */

/* Begin PBXSourcesBuildPhase section */
		0AF2B54A28859C9D00C6A55E /* Sources */ = {
			isa = PBXSourcesBuildPhase;
			buildActionMask = 2147483647;
			files = (
				0AF2B55628859C9D00C6A55E /* ViewController.swift in Sources */,
				0AF2B55228859C9D00C6A55E /* AppDelegate.swift in Sources */,
				0AF2B5662885A0BD00C6A55E /* websocketNetwork.swift in Sources */,
				0AF2B55428859C9D00C6A55E /* SceneDelegate.swift in Sources */,
			);
			runOnlyForDeploymentPostprocessing = 0;
		};
/* End PBXSourcesBuildPhase section */

/* Begin PBXVariantGroup section */
		0AF2B55728859C9D00C6A55E /* Main.storyboard */ = {
			isa = PBXVariantGroup;
			children = (
				0AF2B55828859C9D00C6A55E /* Base */,
			);
			name = Main.storyboard;
			sourceTree = "<group>";
		};
		0AF2B55C28859C9E00C6A55E /* LaunchScreen.storyboard */ = {
			isa = PBXVariantGroup;
			children = (
				0AF2B55D28859C9E00C6A55E /* Base */,
			);
			name = LaunchScreen.storyboard;
			sourceTree = "<group>";
		};
/* End PBXVariantGroup section */

/* Begin XCBuildConfiguration section */
		0AF2B56028859C9E00C6A55E /* Debug */ = {
			isa = XCBuildConfiguration;
			buildSettings = {
				ALWAYS_SEARCH_USER_PATHS = NO;
				CLANG_ANALYZER_NONNULL = YES;
				CLANG_ANALYZER_NUMBER_OBJECT_CONVERSION = YES_AGGRESSIVE;
				CLANG_CXX_LANGUAGE_STANDARD = "gnu++17";
				CLANG_ENABLE_MODULES = YES;
				CLANG_ENABLE_OBJC_ARC = YES;
				CLANG_ENABLE_OBJC_WEAK = YES;
				CLANG_WARN_BLOCK_CAPTURE_AUTORELEASING = YES;
				CLANG_WARN_BOOL_CONVERSION = YES;
				CLANG_WARN_COMMA = YES;
				CLANG_WARN_CONSTANT_CONVERSION = YES;
				CLANG_WARN_DEPRECATED_OBJC_IMPLEMENTATIONS = YES;
				CLANG_WARN_DIRECT_OBJC_ISA_USAGE = YES_ERROR;
				CLANG_WARN_DOCUMENTATION_COMMENTS = YES;
				CLANG_WARN_EMPTY_BODY = YES;
				CLANG_WARN_ENUM_CONVERSION = YES;
				CLANG_WARN_INFINITE_RECURSION = YES;
				CLANG_WARN_INT_CONVERSION = YES;
				CLANG_WARN_NON_LITERAL_NULL_CONVERSION = YES;
				CLANG_WARN_OBJC_IMPLICIT_RETAIN_SELF = YES;
				CLANG_WARN_OBJC_LITERAL_CONVERSION = YES;
				CLANG_WARN_OBJC_ROOT_CLASS = YES_ERROR;
				CLANG_WARN_QUOTED_INCLUDE_IN_FRAMEWORK_HEADER = YES;
				CLANG_WARN_RANGE_LOOP_ANALYSIS = YES;
				CLANG_WARN_STRICT_PROTOTYPES = YES;
				CLANG_WARN_SUSPICIOUS_MOVE = YES;
				CLANG_WARN_UNGUARDED_AVAILABILITY = YES_AGGRESSIVE;
				CLANG_WARN_UNREACHABLE_CODE = YES;
				CLANG_WARN__DUPLICATE_METHOD_MATCH = YES;
				COPY_PHASE_STRIP = NO;
				DEBUG_INFORMATION_FORMAT = dwarf;
				ENABLE_STRICT_OBJC_MSGSEND = YES;
				ENABLE_TESTABILITY = YES;
				GCC_C_LANGUAGE_STANDARD = gnu11;
				GCC_DYNAMIC_NO_PIC = NO;
				GCC_NO_COMMON_BLOCKS = YES;
				GCC_OPTIMIZATION_LEVEL = 0;
				GCC_PREPROCESSOR_DEFINITIONS = (
					"DEBUG=1",
					"$(inherited)",
				);
				GCC_WARN_64_TO_32_BIT_CONVERSION = YES;
				GCC_WARN_ABOUT_RETURN_TYPE = YES_ERROR;
				GCC_WARN_UNDECLARED_SELECTOR = YES;
				GCC_WARN_UNINITIALIZED_AUTOS = YES_AGGRESSIVE;
				GCC_WARN_UNUSED_FUNCTION = YES;
				GCC_WARN_UNUSED_VARIABLE = YES;
				IPHONEOS_DEPLOYMENT_TARGET = 15.5;
				MTL_ENABLE_DEBUG_INFO = INCLUDE_SOURCE;
				MTL_FAST_MATH = YES;
				ONLY_ACTIVE_ARCH = YES;
				SDKROOT = iphoneos;
				SWIFT_ACTIVE_COMPILATION_CONDITIONS = DEBUG;
				SWIFT_OPTIMIZATION_LEVEL = "-Onone";
			};
			name = Debug;
		};
		0AF2B56128859C9E00C6A55E /* Release */ = {
			isa = XCBuildConfiguration;
			buildSettings = {
				ALWAYS_SEARCH_USER_PATHS = NO;
				CLANG_ANALYZER_NONNULL = YES;
				CLANG_ANALYZER_NUMBER_OBJECT_CONVERSION = YES_AGGRESSIVE;
				CLANG_CXX_LANGUAGE_STANDARD = "gnu++17";
				CLANG_ENABLE_MODULES = YES;
				CLANG_ENABLE_OBJC_ARC = YES;
				CLANG_ENABLE_OBJC_WEAK = YES;
				CLANG_WARN_BLOCK_CAPTURE_AUTORELEASING = YES;
				CLANG_WARN_BOOL_CONVERSION = YES;
				CLANG_WARN_COMMA = YES;
				CLANG_WARN_CONSTANT_CONVERSION = YES;
				CLANG_WARN_DEPRECATED_OBJC_IMPLEMENTATIONS = YES;
				CLANG_WARN_DIRECT_OBJC_ISA_USAGE = YES_ERROR;
				CLANG_WARN_DOCUMENTATION_COMMENTS = YES;
				CLANG_WARN_EMPTY_BODY = YES;
				CLANG_WARN_ENUM_CONVERSION = YES;
				CLANG_WARN_INFINITE_RECURSION = YES;
				CLANG_WARN_INT_CONVERSION = YES;
				CLANG_WARN_NON_LITERAL_NULL_CONVERSION = YES;
				CLANG_WARN_OBJC_IMPLICIT_RETAIN_SELF = YES;
				CLANG_WARN_OBJC_LITERAL_CONVERSION = YES;
				CLANG_WARN_OBJC_ROOT_CLASS = YES_ERROR;
				CLANG_WARN_QUOTED_INCLUDE_IN_FRAMEWORK_HEADER = YES;
				CLANG_WARN_RANGE_LOOP_ANALYSIS = YES;
				CLANG_WARN_STRICT_PROTOTYPES = YES;
				CLANG_WARN_SUSPICIOUS_MOVE = YES;
				CLANG_WARN_UNGUARDED_AVAILABILITY = YES_AGGRESSIVE;
				CLANG_WARN_UNREACHABLE_CODE = YES;
				CLANG_WARN__DUPLICATE_METHOD_MATCH = YES;
				COPY_PHASE_STRIP = NO;
				DEBUG_INFORMATION_FORMAT = "dwarf-with-dsym";
				ENABLE_NS_ASSERTIONS = NO;
				ENABLE_STRICT_OBJC_MSGSEND = YES;
				GCC_C_LANGUAGE_STANDARD = gnu11;
				GCC_NO_COMMON_BLOCKS = YES;
				GCC_WARN_64_TO_32_BIT_CONVERSION = YES;
				GCC_WARN_ABOUT_RETURN_TYPE = YES_ERROR;
				GCC_WARN_UNDECLARED_SELECTOR = YES;
				GCC_WARN_UNINITIALIZED_AUTOS = YES_AGGRESSIVE;
				GCC_WARN_UNUSED_FUNCTION = YES;
				GCC_WARN_UNUSED_VARIABLE = YES;
				IPHONEOS_DEPLOYMENT_TARGET = 15.5;
				MTL_ENABLE_DEBUG_INFO = NO;
				MTL_FAST_MATH = YES;
				SDKROOT = iphoneos;
				SWIFT_COMPILATION_MODE = wholemodule;
				SWIFT_OPTIMIZATION_LEVEL = "-O";
				VALIDATE_PRODUCT = YES;
			};
			name = Release;
		};
		0AF2B56328859C9E00C6A55E /* Debug */ = {
			isa = XCBuildConfiguration;
			baseConfigurationReference = 1D7CB647F1F28883EC0A8CDF /* Pods-SwiftWebSocketTest.debug.xcconfig */;
			buildSettings = {
				ASSETCATALOG_COMPILER_APPICON_NAME = AppIcon;
				ASSETCATALOG_COMPILER_GLOBAL_ACCENT_COLOR_NAME = AccentColor;
				CODE_SIGN_STYLE = Automatic;
				CURRENT_PROJECT_VERSION = 1;
				DEVELOPMENT_TEAM = B4G53F63TN;
				GENERATE_INFOPLIST_FILE = YES;
				INFOPLIST_FILE = SwiftWebSocketTest/Info.plist;
				INFOPLIST_KEY_UIApplicationSupportsIndirectInputEvents = YES;
				INFOPLIST_KEY_UILaunchStoryboardName = LaunchScreen;
				INFOPLIST_KEY_UIMainStoryboardFile = Main;
				INFOPLIST_KEY_UISupportedInterfaceOrientations_iPad = "UIInterfaceOrientationPortrait UIInterfaceOrientationPortraitUpsideDown UIInterfaceOrientationLandscapeLeft UIInterfaceOrientationLandscapeRight";
				INFOPLIST_KEY_UISupportedInterfaceOrientations_iPhone = "UIInterfaceOrientationPortrait UIInterfaceOrientationLandscapeLeft UIInterfaceOrientationLandscapeRight";
				LD_RUNPATH_SEARCH_PATHS = (
					"$(inherited)",
					"@executable_path/Frameworks",
				);
				MARKETING_VERSION = 1.0;
				PRODUCT_BUNDLE_IDENTIFIER = com.yj.SwiftWebSocketTest;
				PRODUCT_NAME = "$(TARGET_NAME)";
				SWIFT_EMIT_LOC_STRINGS = YES;
				SWIFT_VERSION = 5.0;
				TARGETED_DEVICE_FAMILY = "1,2";
			};
			name = Debug;
		};
		0AF2B56428859C9E00C6A55E /* Release */ = {
			isa = XCBuildConfiguration;
			baseConfigurationReference = CDDFFB8DA49AEA2DB331FED5 /* Pods-SwiftWebSocketTest.release.xcconfig */;
			buildSettings = {
				ASSETCATALOG_COMPILER_APPICON_NAME = AppIcon;
				ASSETCATALOG_COMPILER_GLOBAL_ACCENT_COLOR_NAME = AccentColor;
				CODE_SIGN_STYLE = Automatic;
				CURRENT_PROJECT_VERSION = 1;
				DEVELOPMENT_TEAM = B4G53F63TN;
				GENERATE_INFOPLIST_FILE = YES;
				INFOPLIST_FILE = SwiftWebSocketTest/Info.plist;
				INFOPLIST_KEY_UIApplicationSupportsIndirectInputEvents = YES;
				INFOPLIST_KEY_UILaunchStoryboardName = LaunchScreen;
				INFOPLIST_KEY_UIMainStoryboardFile = Main;
				INFOPLIST_KEY_UISupportedInterfaceOrientations_iPad = "UIInterfaceOrientationPortrait UIInterfaceOrientationPortraitUpsideDown UIInterfaceOrientationLandscapeLeft UIInterfaceOrientationLandscapeRight";
				INFOPLIST_KEY_UISupportedInterfaceOrientations_iPhone = "UIInterfaceOrientationPortrait UIInterfaceOrientationLandscapeLeft UIInterfaceOrientationLandscapeRight";
				LD_RUNPATH_SEARCH_PATHS = (
					"$(inherited)",
					"@executable_path/Frameworks",
				);
				MARKETING_VERSION = 1.0;
				PRODUCT_BUNDLE_IDENTIFIER = com.yj.SwiftWebSocketTest;
				PRODUCT_NAME = "$(TARGET_NAME)";
				SWIFT_EMIT_LOC_STRINGS = YES;
				SWIFT_VERSION = 5.0;
				TARGETED_DEVICE_FAMILY = "1,2";
			};
			name = Release;
		};
/* End XCBuildConfiguration section */

/* Begin XCConfigurationList section */
		0AF2B54928859C9D00C6A55E /* Build configuration list for PBXProject "SwiftWebSocketTest" */ = {
			isa = XCConfigurationList;
			buildConfigurations = (
				0AF2B56028859C9E00C6A55E /* Debug */,
				0AF2B56128859C9E00C6A55E /* Release */,
			);
			defaultConfigurationIsVisible = 0;
			defaultConfigurationName = Release;
		};
		0AF2B56228859C9E00C6A55E /* Build configuration list for PBXNativeTarget "SwiftWebSocketTest" */ = {
			isa = XCConfigurationList;
			buildConfigurations = (
				0AF2B56328859C9E00C6A55E /* Debug */,
				0AF2B56428859C9E00C6A55E /* Release */,
			);
			defaultConfigurationIsVisible = 0;
			defaultConfigurationName = Release;
		};
/* End XCConfigurationList section */
	};
	rootObject = 0AF2B54628859C9D00C6A55E /* Project object */;
}
